
Microsoft Visual Studio Solution File, Format Version 12.00
# Visual Studio Version 16
VisualStudioVersion = 16.0.29911.84
MinimumVisualStudioVersion = 10.0.40219.1
Project("{FAE04EC0-301F-11D3-BF4B-00C04F79EFBC}") = "Brainiac", "Brainiac\Brainiac.csproj", "{BAFA8D11-DD29-4DCD-8CCF-925EA3538CF0}"
EndProject
Global
	GlobalSection(SolutionConfigurationPlatforms) = preSolution
		Debug|Any CPU = Debug|Any CPU
		Release|Any CPU = Release|Any CPU
	EndGlobalSection
	GlobalSection(ProjectConfigurationPlatforms) = postSolution
		{BAFA8D11-DD29-4DCD-8CCF-925EA3538CF0}.Debug|Any CPU.ActiveCfg = Debug|Any CPU
		{BAFA8D11-DD29-4DCD-8CCF-925EA3538CF0}.Debug|Any CPU.Build.0 = Debug|Any CPU
		{BAFA8D11-DD29-4DCD-8CCF-925EA3538CF0}.Release|Any CPU.ActiveCfg = Release|Any CPU
		{BAFA8D11-DD29-4DCD-8CCF-925EA3538CF0}.Release|Any CPU.Build.0 = Release|Any CPU
	EndGlobalSection
	GlobalSection(SolutionProperties) = preSolution
		HideSolutionNode = FALSE
	EndGlobalSection
	GlobalSection(ExtensibilityGlobals) = postSolution
		SolutionGuid = {E2271C1B-A33E-4E31-B9C3-DBE7CE568C81}
	EndGlobalSection
EndGlobal
